
Microsoft Visual Studio Solution File, Format Version 12.00
# Visual Studio 15
Project("{FAE04EC0-301F-11D3-BF4B-00C04F79EFBC}") = "Sandbox", "Sandbox\Sandbox.csproj", "{81EED715-6EE9-498D-B710-7809A3CF84D7}"
EndProject
Global
	GlobalSection(SolutionConfigurationPlatforms) = preSolution
		Debug|anycpu = Debug|anycpu
		Release|anycpu = Release|anycpu
	EndGlobalSection
	GlobalSection(ProjectConfigurationPlatforms) = postSolution
		{81EED715-6EE9-498D-B710-7809A3CF84D7}.Debug|anycpu.ActiveCfg = Debug|anycpu
		{81EED715-6EE9-498D-B710-7809A3CF84D7}.Debug|anycpu.Build.0 = Debug|anycpu
		{81EED715-6EE9-498D-B710-7809A3CF84D7}.Release|anycpu.ActiveCfg = Release|anycpu
		{81EED715-6EE9-498D-B710-7809A3CF84D7}.Release|anycpu.Build.0 = Release|anycpu
	EndGlobalSection
EndGlobal
